// !$*UTF8*$!
{
	archiveVersion = 1;
	classes = {
	};
	objectVersion = 56;
	objects = {

/* Begin PBXBuildFile section */
		1FA919682B0EC93D0059E969 /* DashboardViewController.swift in Sources */ = {isa = PBXBuildFile; fileRef = 1FA919672B0EC93D0059E969 /* DashboardViewController.swift */; };
		1FA9196A2B0ED1130059E969 /* ProfileViewController.swift in Sources */ = {isa = PBXBuildFile; fileRef = 1FA919692B0ED1130059E969 /* ProfileViewController.swift */; };
		66F1211F2AFABD6F00D708C8 /* ParseSwift in Frameworks */ = {isa = PBXBuildFile; productRef = 66F1211E2AFABD6F00D708C8 /* ParseSwift */; };
		66F121222AFABF2C00D708C8 /* User.swift in Sources */ = {isa = PBXBuildFile; fileRef = 66F121212AFABF2C00D708C8 /* User.swift */; };
		A229B9382AF3179C00EB48CA /* AppDelegate.swift in Sources */ = {isa = PBXBuildFile; fileRef = A229B9372AF3179C00EB48CA /* AppDelegate.swift */; };
		A229B93A2AF3179C00EB48CA /* SceneDelegate.swift in Sources */ = {isa = PBXBuildFile; fileRef = A229B9392AF3179C00EB48CA /* SceneDelegate.swift */; };
		A229B93C2AF3179C00EB48CA /* ViewController.swift in Sources */ = {isa = PBXBuildFile; fileRef = A229B93B2AF3179C00EB48CA /* ViewController.swift */; };
		A229B93F2AF3179C00EB48CA /* Main.storyboard in Resources */ = {isa = PBXBuildFile; fileRef = A229B93D2AF3179C00EB48CA /* Main.storyboard */; };
		A229B9412AF3179E00EB48CA /* Assets.xcassets in Resources */ = {isa = PBXBuildFile; fileRef = A229B9402AF3179E00EB48CA /* Assets.xcassets */; };
		A229B9442AF3179E00EB48CA /* LaunchScreen.storyboard in Resources */ = {isa = PBXBuildFile; fileRef = A229B9422AF3179E00EB48CA /* LaunchScreen.storyboard */; };
		A2757E532AF9739400915240 /* SignUpViewController.swift in Sources */ = {isa = PBXBuildFile; fileRef = A2757E522AF9739400915240 /* SignUpViewController.swift */; };
/* End PBXBuildFile section */

/* Begin PBXFileReference section */
		1FA919672B0EC93D0059E969 /* DashboardViewController.swift */ = {isa = PBXFileReference; lastKnownFileType = sourcecode.swift; path = DashboardViewController.swift; sourceTree = "<group>"; };
		1FA919692B0ED1130059E969 /* ProfileViewController.swift */ = {isa = PBXFileReference; lastKnownFileType = sourcecode.swift; path = ProfileViewController.swift; sourceTree = "<group>"; };
		66F121212AFABF2C00D708C8 /* User.swift */ = {isa = PBXFileReference; lastKnownFileType = sourcecode.swift; path = User.swift; sourceTree = "<group>"; };
		A229B9342AF3179C00EB48CA /* NutriTrack.app */ = {isa = PBXFileReference; explicitFileType = wrapper.application; includeInIndex = 0; path = NutriTrack.app; sourceTree = BUILT_PRODUCTS_DIR; };
		A229B9372AF3179C00EB48CA /* AppDelegate.swift */ = {isa = PBXFileReference; lastKnownFileType = sourcecode.swift; path = AppDelegate.swift; sourceTree = "<group>"; };
		A229B9392AF3179C00EB48CA /* SceneDelegate.swift */ = {isa = PBXFileReference; lastKnownFileType = sourcecode.swift; path = SceneDelegate.swift; sourceTree = "<group>"; };
		A229B93B2AF3179C00EB48CA /* ViewController.swift */ = {isa = PBXFileReference; lastKnownFileType = sourcecode.swift; path = ViewController.swift; sourceTree = "<group>"; };
		A229B93E2AF3179C00EB48CA /* Base */ = {isa = PBXFileReference; lastKnownFileType = file.storyboard; name = Base; path = Base.lproj/Main.storyboard; sourceTree = "<group>"; };
		A229B9402AF3179E00EB48CA /* Assets.xcassets */ = {isa = PBXFileReference; lastKnownFileType = folder.assetcatalog; path = Assets.xcassets; sourceTree = "<group>"; };
		A229B9432AF3179E00EB48CA /* Base */ = {isa = PBXFileReference; lastKnownFileType = file.storyboard; name = Base; path = Base.lproj/LaunchScreen.storyboard; sourceTree = "<group>"; };
		A229B9452AF3179E00EB48CA /* Info.plist */ = {isa = PBXFileReference; lastKnownFileType = text.plist.xml; path = Info.plist; sourceTree = "<group>"; };
		A2757E522AF9739400915240 /* SignUpViewController.swift */ = {isa = PBXFileReference; lastKnownFileType = sourcecode.swift; path = SignUpViewController.swift; sourceTree = "<group>"; };
/* End PBXFileReference section */

/* Begin PBXFrameworksBuildPhase section */
		A229B9312AF3179C00EB48CA /* Frameworks */ = {
			isa = PBXFrameworksBuildPhase;
			buildActionMask = 2147483647;
			files = (
				66F1211F2AFABD6F00D708C8 /* ParseSwift in Frameworks */,
			);
			runOnlyForDeploymentPostprocessing = 0;
		};
/* End PBXFrameworksBuildPhase section */

/* Begin PBXGroup section */
		66F121202AFABE9C00D708C8 /* Models */ = {
			isa = PBXGroup;
			children = (
				66F121212AFABF2C00D708C8 /* User.swift */,
			);
			path = Models;
			sourceTree = "<group>";
		};
		A229B92B2AF3179C00EB48CA = {
			isa = PBXGroup;
			children = (
				A229B9362AF3179C00EB48CA /* NutriTrack */,
				A229B9352AF3179C00EB48CA /* Products */,
			);
			sourceTree = "<group>";
		};
		A229B9352AF3179C00EB48CA /* Products */ = {
			isa = PBXGroup;
			children = (
				A229B9342AF3179C00EB48CA /* NutriTrack.app */,
			);
			name = Products;
			sourceTree = "<group>";
		};
		A229B9362AF3179C00EB48CA /* NutriTrack */ = {
			isa = PBXGroup;
			children = (
				A229B9372AF3179C00EB48CA /* AppDelegate.swift */,
				A229B9392AF3179C00EB48CA /* SceneDelegate.swift */,
				A229B93B2AF3179C00EB48CA /* ViewController.swift */,
				66F121202AFABE9C00D708C8 /* Models */,
				A2757E512AF9716E00915240 /* Login */,
				A229B93D2AF3179C00EB48CA /* Main.storyboard */,
				1FA919692B0ED1130059E969 /* ProfileViewController.swift */,
				1FA919672B0EC93D0059E969 /* DashboardViewController.swift */,
				A2757E522AF9739400915240 /* SignUpViewController.swift */,
				A229B9402AF3179E00EB48CA /* Assets.xcassets */,
				A229B9422AF3179E00EB48CA /* LaunchScreen.storyboard */,
				A229B9452AF3179E00EB48CA /* Info.plist */,
			);
			path = NutriTrack;
			sourceTree = "<group>";
		};
		A2757E512AF9716E00915240 /* Login */ = {
			isa = PBXGroup;
			children = (
			);
			path = Login;
			sourceTree = "<group>";
		};
/* End PBXGroup section */

/* Begin PBXNativeTarget section */
		A229B9332AF3179C00EB48CA /* NutriTrack */ = {
			isa = PBXNativeTarget;
			buildConfigurationList = A229B9482AF3179E00EB48CA /* Build configuration list for PBXNativeTarget "NutriTrack" */;
			buildPhases = (
				A229B9302AF3179C00EB48CA /* Sources */,
				A229B9312AF3179C00EB48CA /* Frameworks */,
				A229B9322AF3179C00EB48CA /* Resources */,
			);
			buildRules = (
			);
			dependencies = (
			);
			name = NutriTrack;
			packageProductDependencies = (
				66F1211E2AFABD6F00D708C8 /* ParseSwift */,
			);
			productName = NutriTrack;
			productReference = A229B9342AF3179C00EB48CA /* NutriTrack.app */;
			productType = "com.apple.product-type.application";
		};
/* End PBXNativeTarget section */

/* Begin PBXProject section */
		A229B92C2AF3179C00EB48CA /* Project object */ = {
			isa = PBXProject;
			attributes = {
				BuildIndependentTargetsInParallel = 1;
				LastSwiftUpdateCheck = 1430;
				LastUpgradeCheck = 1430;
				TargetAttributes = {
					A229B9332AF3179C00EB48CA = {
						CreatedOnToolsVersion = 14.3.1;
					};
				};
			};
			buildConfigurationList = A229B92F2AF3179C00EB48CA /* Build configuration list for PBXProject "NutriTrack" */;
			compatibilityVersion = "Xcode 14.0";
			developmentRegion = en;
			hasScannedForEncodings = 0;
			knownRegions = (
				en,
				Base,
			);
			mainGroup = A229B92B2AF3179C00EB48CA;
			packageReferences = (
				66F1211D2AFABD6F00D708C8 /* XCRemoteSwiftPackageReference "Parse-Swift" */,
			);
			productRefGroup = A229B9352AF3179C00EB48CA /* Products */;
			projectDirPath = "";
			projectRoot = "";
			targets = (
				A229B9332AF3179C00EB48CA /* NutriTrack */,
			);
		};
/* End PBXProject section */

/* Begin PBXResourcesBuildPhase section */
		A229B9322AF3179C00EB48CA /* Resources */ = {
			isa = PBXResourcesBuildPhase;
			buildActionMask = 2147483647;
			files = (
				A229B9442AF3179E00EB48CA /* LaunchScreen.storyboard in Resources */,
				A229B9412AF3179E00EB48CA /* Assets.xcassets in Resources */,
				A229B93F2AF3179C00EB48CA /* Main.storyboard in Resources */,
			);
			runOnlyForDeploymentPostprocessing = 0;
		};
/* End PBXResourcesBuildPhase section */

/* Begin PBXSourcesBuildPhase section */
		A229B9302AF3179C00EB48CA /* Sources */ = {
			isa = PBXSourcesBuildPhase;
			buildActionMask = 2147483647;
			files = (
				A229B93C2AF3179C00EB48CA /* ViewController.swift in Sources */,
				1FA919682B0EC93D0059E969 /* DashboardViewController.swift in Sources */,
				A229B9382AF3179C00EB48CA /* AppDelegate.swift in Sources */,
				A2757E532AF9739400915240 /* SignUpViewController.swift in Sources */,
				1FA9196A2B0ED1130059E969 /* ProfileViewController.swift in Sources */,
				66F121222AFABF2C00D708C8 /* User.swift in Sources */,
				A229B93A2AF3179C00EB48CA /* SceneDelegate.swift in Sources */,
			);
			runOnlyForDeploymentPostprocessing = 0;
		};
/* End PBXSourcesBuildPhase section */

/* Begin PBXVariantGroup section */
		A229B93D2AF3179C00EB48CA /* Main.storyboard */ = {
			isa = PBXVariantGroup;
			children = (
				A229B93E2AF3179C00EB48CA /* Base */,
			);
			name = Main.storyboard;
			sourceTree = "<group>";
		};
		A229B9422AF3179E00EB48CA /* LaunchScreen.storyboard */ = {
			isa = PBXVariantGroup;
			children = (
				A229B9432AF3179E00EB48CA /* Base */,
			);
			name = LaunchScreen.storyboard;
			sourceTree = "<group>";
		};
/* End PBXVariantGroup section */

/* Begin XCBuildConfiguration section */
		A229B9462AF3179E00EB48CA /* Debug */ = {
			isa = XCBuildConfiguration;
			buildSettings = {
				ALWAYS_SEARCH_USER_PATHS = NO;
				CLANG_ANALYZER_NONNULL = YES;
				CLANG_ANALYZER_NUMBER_OBJECT_CONVERSION = YES_AGGRESSIVE;
				CLANG_CXX_LANGUAGE_STANDARD = "gnu++20";
				CLANG_ENABLE_MODULES = YES;
				CLANG_ENABLE_OBJC_ARC = YES;
				CLANG_ENABLE_OBJC_WEAK = YES;
				CLANG_WARN_BLOCK_CAPTURE_AUTORELEASING = YES;
				CLANG_WARN_BOOL_CONVERSION = YES;
				CLANG_WARN_COMMA = YES;
				CLANG_WARN_CONSTANT_CONVERSION = YES;
				CLANG_WARN_DEPRECATED_OBJC_IMPLEMENTATIONS = YES;
				CLANG_WARN_DIRECT_OBJC_ISA_USAGE = YES_ERROR;
				CLANG_WARN_DOCUMENTATION_COMMENTS = YES;
				CLANG_WARN_EMPTY_BODY = YES;
				CLANG_WARN_ENUM_CONVERSION = YES;
				CLANG_WARN_INFINITE_RECURSION = YES;
				CLANG_WARN_INT_CONVERSION = YES;
				CLANG_WARN_NON_LITERAL_NULL_CONVERSION = YES;
				CLANG_WARN_OBJC_IMPLICIT_RETAIN_SELF = YES;
				CLANG_WARN_OBJC_LITERAL_CONVERSION = YES;
				CLANG_WARN_OBJC_ROOT_CLASS = YES_ERROR;
				CLANG_WARN_QUOTED_INCLUDE_IN_FRAMEWORK_HEADER = YES;
				CLANG_WARN_RANGE_LOOP_ANALYSIS = YES;
				CLANG_WARN_STRICT_PROTOTYPES = YES;
				CLANG_WARN_SUSPICIOUS_MOVE = YES;
				CLANG_WARN_UNGUARDED_AVAILABILITY = YES_AGGRESSIVE;
				CLANG_WARN_UNREACHABLE_CODE = YES;
				CLANG_WARN__DUPLICATE_METHOD_MATCH = YES;
				COPY_PHASE_STRIP = NO;
				DEBUG_INFORMATION_FORMAT = dwarf;
				ENABLE_STRICT_OBJC_MSGSEND = YES;
				ENABLE_TESTABILITY = YES;
				GCC_C_LANGUAGE_STANDARD = gnu11;
				GCC_DYNAMIC_NO_PIC = NO;
				GCC_NO_COMMON_BLOCKS = YES;
				GCC_OPTIMIZATION_LEVEL = 0;
				GCC_PREPROCESSOR_DEFINITIONS = (
					"DEBUG=1",
					"$(inherited)",
				);
				GCC_WARN_64_TO_32_BIT_CONVERSION = YES;
				GCC_WARN_ABOUT_RETURN_TYPE = YES_ERROR;
				GCC_WARN_UNDECLARED_SELECTOR = YES;
				GCC_WARN_UNINITIALIZED_AUTOS = YES_AGGRESSIVE;
				GCC_WARN_UNUSED_FUNCTION = YES;
				GCC_WARN_UNUSED_VARIABLE = YES;
				IPHONEOS_DEPLOYMENT_TARGET = 16.4;
				MTL_ENABLE_DEBUG_INFO = INCLUDE_SOURCE;
				MTL_FAST_MATH = YES;
				ONLY_ACTIVE_ARCH = YES;
				SDKROOT = iphoneos;
				SWIFT_ACTIVE_COMPILATION_CONDITIONS = DEBUG;
				SWIFT_OPTIMIZATION_LEVEL = "-Onone";
			};
			name = Debug;
		};
		A229B9472AF3179E00EB48CA /* Release */ = {
			isa = XCBuildConfiguration;
			buildSettings = {
				ALWAYS_SEARCH_USER_PATHS = NO;
				CLANG_ANALYZER_NONNULL = YES;
				CLANG_ANALYZER_NUMBER_OBJECT_CONVERSION = YES_AGGRESSIVE;
				CLANG_CXX_LANGUAGE_STANDARD = "gnu++20";
				CLANG_ENABLE_MODULES = YES;
				CLANG_ENABLE_OBJC_ARC = YES;
				CLANG_ENABLE_OBJC_WEAK = YES;
				CLANG_WARN_BLOCK_CAPTURE_AUTORELEASING = YES;
				CLANG_WARN_BOOL_CONVERSION = YES;
				CLANG_WARN_COMMA = YES;
				CLANG_WARN_CONSTANT_CONVERSION = YES;
				CLANG_WARN_DEPRECATED_OBJC_IMPLEMENTATIONS = YES;
				CLANG_WARN_DIRECT_OBJC_ISA_USAGE = YES_ERROR;
				CLANG_WARN_DOCUMENTATION_COMMENTS = YES;
				CLANG_WARN_EMPTY_BODY = YES;
				CLANG_WARN_ENUM_CONVERSION = YES;
				CLANG_WARN_INFINITE_RECURSION = YES;
				CLANG_WARN_INT_CONVERSION = YES;
				CLANG_WARN_NON_LITERAL_NULL_CONVERSION = YES;
				CLANG_WARN_OBJC_IMPLICIT_RETAIN_SELF = YES;
				CLANG_WARN_OBJC_LITERAL_CONVERSION = YES;
				CLANG_WARN_OBJC_ROOT_CLASS = YES_ERROR;
				CLANG_WARN_QUOTED_INCLUDE_IN_FRAMEWORK_HEADER = YES;
				CLANG_WARN_RANGE_LOOP_ANALYSIS = YES;
				CLANG_WARN_STRICT_PROTOTYPES = YES;
				CLANG_WARN_SUSPICIOUS_MOVE = YES;
				CLANG_WARN_UNGUARDED_AVAILABILITY = YES_AGGRESSIVE;
				CLANG_WARN_UNREACHABLE_CODE = YES;
				CLANG_WARN__DUPLICATE_METHOD_MATCH = YES;
				COPY_PHASE_STRIP = NO;
				DEBUG_INFORMATION_FORMAT = "dwarf-with-dsym";
				ENABLE_NS_ASSERTIONS = NO;
				ENABLE_STRICT_OBJC_MSGSEND = YES;
				GCC_C_LANGUAGE_STANDARD = gnu11;
				GCC_NO_COMMON_BLOCKS = YES;
				GCC_WARN_64_TO_32_BIT_CONVERSION = YES;
				GCC_WARN_ABOUT_RETURN_TYPE = YES_ERROR;
				GCC_WARN_UNDECLARED_SELECTOR = YES;
				GCC_WARN_UNINITIALIZED_AUTOS = YES_AGGRESSIVE;
				GCC_WARN_UNUSED_FUNCTION = YES;
				GCC_WARN_UNUSED_VARIABLE = YES;
				IPHONEOS_DEPLOYMENT_TARGET = 16.4;
				MTL_ENABLE_DEBUG_INFO = NO;
				MTL_FAST_MATH = YES;
				SDKROOT = iphoneos;
				SWIFT_COMPILATION_MODE = wholemodule;
				SWIFT_OPTIMIZATION_LEVEL = "-O";
				VALIDATE_PRODUCT = YES;
			};
			name = Release;
		};
		A229B9492AF3179E00EB48CA /* Debug */ = {
			isa = XCBuildConfiguration;
			buildSettings = {
				ASSETCATALOG_COMPILER_APPICON_NAME = AppIcon;
				ASSETCATALOG_COMPILER_GLOBAL_ACCENT_COLOR_NAME = AccentColor;
				CODE_SIGN_STYLE = Automatic;
				CURRENT_PROJECT_VERSION = 1;
				GENERATE_INFOPLIST_FILE = YES;
				INFOPLIST_FILE = NutriTrack/Info.plist;
				INFOPLIST_KEY_UIApplicationSupportsIndirectInputEvents = YES;
				INFOPLIST_KEY_UILaunchStoryboardName = LaunchScreen;
				INFOPLIST_KEY_UIMainStoryboardFile = Main;
				INFOPLIST_KEY_UISupportedInterfaceOrientations_iPad = "UIInterfaceOrientationPortrait UIInterfaceOrientationPortraitUpsideDown UIInterfaceOrientationLandscapeLeft UIInterfaceOrientationLandscapeRight";
				INFOPLIST_KEY_UISupportedInterfaceOrientations_iPhone = "UIInterfaceOrientationPortrait UIInterfaceOrientationLandscapeLeft UIInterfaceOrientationLandscapeRight";
				LD_RUNPATH_SEARCH_PATHS = (
					"$(inherited)",
					"@executable_path/Frameworks",
				);
				MARKETING_VERSION = 1.0;
				PRODUCT_BUNDLE_IDENTIFIER = "Group-27.NutriTrack";
				PRODUCT_NAME = "$(TARGET_NAME)";
				SWIFT_EMIT_LOC_STRINGS = YES;
				SWIFT_VERSION = 5.0;
				TARGETED_DEVICE_FAMILY = "1,2";
			};
			name = Debug;
		};
		A229B94A2AF3179E00EB48CA /* Release */ = {
			isa = XCBuildConfiguration;
			buildSettings = {
				ASSETCATALOG_COMPILER_APPICON_NAME = AppIcon;
				ASSETCATALOG_COMPILER_GLOBAL_ACCENT_COLOR_NAME = AccentColor;
				CODE_SIGN_STYLE = Automatic;
				CURRENT_PROJECT_VERSION = 1;
				GENERATE_INFOPLIST_FILE = YES;
				INFOPLIST_FILE = NutriTrack/Info.plist;
				INFOPLIST_KEY_UIApplicationSupportsIndirectInputEvents = YES;
				INFOPLIST_KEY_UILaunchStoryboardName = LaunchScreen;
				INFOPLIST_KEY_UIMainStoryboardFile = Main;
				INFOPLIST_KEY_UISupportedInterfaceOrientations_iPad = "UIInterfaceOrientationPortrait UIInterfaceOrientationPortraitUpsideDown UIInterfaceOrientationLandscapeLeft UIInterfaceOrientationLandscapeRight";
				INFOPLIST_KEY_UISupportedInterfaceOrientations_iPhone = "UIInterfaceOrientationPortrait UIInterfaceOrientationLandscapeLeft UIInterfaceOrientationLandscapeRight";
				LD_RUNPATH_SEARCH_PATHS = (
					"$(inherited)",
					"@executable_path/Frameworks",
				);
				MARKETING_VERSION = 1.0;
				PRODUCT_BUNDLE_IDENTIFIER = "Group-27.NutriTrack";
				PRODUCT_NAME = "$(TARGET_NAME)";
				SWIFT_EMIT_LOC_STRINGS = YES;
				SWIFT_VERSION = 5.0;
				TARGETED_DEVICE_FAMILY = "1,2";
			};
			name = Release;
		};
/* End XCBuildConfiguration section */

/* Begin XCConfigurationList section */
		A229B92F2AF3179C00EB48CA /* Build configuration list for PBXProject "NutriTrack" */ = {
			isa = XCConfigurationList;
			buildConfigurations = (
				A229B9462AF3179E00EB48CA /* Debug */,
				A229B9472AF3179E00EB48CA /* Release */,
			);
			defaultConfigurationIsVisible = 0;
			defaultConfigurationName = Release;
		};
		A229B9482AF3179E00EB48CA /* Build configuration list for PBXNativeTarget "NutriTrack" */ = {
			isa = XCConfigurationList;
			buildConfigurations = (
				A229B9492AF3179E00EB48CA /* Debug */,
				A229B94A2AF3179E00EB48CA /* Release */,
			);
			defaultConfigurationIsVisible = 0;
			defaultConfigurationName = Release;
		};
/* End XCConfigurationList section */

/* Begin XCRemoteSwiftPackageReference section */
		66F1211D2AFABD6F00D708C8 /* XCRemoteSwiftPackageReference "Parse-Swift" */ = {
			isa = XCRemoteSwiftPackageReference;
			repositoryURL = "https://github.com/netreconlab/Parse-Swift.git";
			requirement = {
				kind = upToNextMajorVersion;
				minimumVersion = 4.0.0;
			};
		};
/* End XCRemoteSwiftPackageReference section */

/* Begin XCSwiftPackageProductDependency section */
		66F1211E2AFABD6F00D708C8 /* ParseSwift */ = {
			isa = XCSwiftPackageProductDependency;
			package = 66F1211D2AFABD6F00D708C8 /* XCRemoteSwiftPackageReference "Parse-Swift" */;
			productName = ParseSwift;
		};
/* End XCSwiftPackageProductDependency section */
	};
	rootObject = A229B92C2AF3179C00EB48CA /* Project object */;
}
